
Microsoft Visual Studio Solution File, Format Version 12.00
# Visual Studio Version 17
VisualStudioVersion = 17.6.33815.320
MinimumVisualStudioVersion = 10.0.40219.1
Project("{FAE04EC0-301F-11D3-BF4B-00C04F79EFBC}") = "LevelEditor", "LevelEditor.csproj", "{0A9F20E6-71CB-446E-9ABC-7B0E938A2EF7}"
EndProject
Global
	GlobalSection(SolutionConfigurationPlatforms) = preSolution
		Debug|Any CPU = Debug|Any CPU
		Release|Any CPU = Release|Any CPU
	EndGlobalSection
	GlobalSection(ProjectConfigurationPlatforms) = postSolution
		{0A9F20E6-71CB-446E-9ABC-7B0E938A2EF7}.Debug|Any CPU.ActiveCfg = Debug|Any CPU
		{0A9F20E6-71CB-446E-9ABC-7B0E938A2EF7}.Debug|Any CPU.Build.0 = Debug|Any CPU
		{0A9F20E6-71CB-446E-9ABC-7B0E938A2EF7}.Release|Any CPU.ActiveCfg = Release|Any CPU
		{0A9F20E6-71CB-446E-9ABC-7B0E938A2EF7}.Release|Any CPU.Build.0 = Release|Any CPU
	EndGlobalSection
	GlobalSection(SolutionProperties) = preSolution
		HideSolutionNode = FALSE
	EndGlobalSection
	GlobalSection(ExtensibilityGlobals) = postSolution
		SolutionGuid = {E06CD7AC-96E2-435B-BABB-021980D2C5D5}
	EndGlobalSection
EndGlobal
